
Microsoft Visual Studio Solution File, Format Version 12.00
# Visual Studio Version 17
VisualStudioVersion = 17.3.32811.315
MinimumVisualStudioVersion = 10.0.40219.1
Project("{8BC9CEB8-8B4A-11D0-8D11-00A0C91BC942}") = "4.2.1", "4.2.1\4.2.1.vcxproj", "{57A2A900-BC74-4651-A3EA-0E7B500E4F4C}"
EndProject
Project("{8BC9CEB8-8B4A-11D0-8D11-00A0C91BC942}") = "4.2.2", "4.2.2\4.2.2.vcxproj", "{D95E3891-562B-44C4-91D7-04CEB18FEE0E}"
EndProject
Project("{8BC9CEB8-8B4A-11D0-8D11-00A0C91BC942}") = "4.2.3", "4.2.3\4.2.3.vcxproj", "{7509F355-FC05-46DE-97FF-0979471080F9}"
EndProject
Project("{8BC9CEB8-8B4A-11D0-8D11-00A0C91BC942}") = "4.2.4", "4.2.4\4.2.4.vcxproj", "{6DA031D2-F1EE-4E40-B6F1-CC2624FD2D88}"
EndProject
Project("{8BC9CEB8-8B4A-11D0-8D11-00A0C91BC942}") = "4.2.5", "4.2.5\4.2.5.vcxproj", "{688B4C23-2BE1-4ED2-A565-7DA8F79C88A3}"
EndProject
Project("{8BC9CEB8-8B4A-11D0-8D11-00A0C91BC942}") = "4.2.6", "4.2.6\4.2.6.vcxproj", "{80A8238A-2F24-46DF-9E51-2CFF082DD9A1}"
EndProject
Project("{8BC9CEB8-8B4A-11D0-8D11-00A0C91BC942}") = "4.2.7", "4.2.7\4.2.7.vcxproj", "{56CE8560-45EA-4447-9158-E93E5A0DFD88}"
EndProject
Project("{8BC9CEB8-8B4A-11D0-8D11-00A0C91BC942}") = "4.2.8", "4.2.8\4.2.8.vcxproj", "{885D8FE9-8458-4E9A-B2AF-17C692839900}"
EndProject
Global
	GlobalSection(SolutionConfigurationPlatforms) = preSolution
		Debug|x64 = Debug|x64
		Debug|x86 = Debug|x86
		Release|x64 = Release|x64
		Release|x86 = Release|x86
	EndGlobalSection
	GlobalSection(ProjectConfigurationPlatforms) = postSolution
		{57A2A900-BC74-4651-A3EA-0E7B500E4F4C}.Debug|x64.ActiveCfg = Debug|x64
		{57A2A900-BC74-4651-A3EA-0E7B500E4F4C}.Debug|x64.Build.0 = Debug|x64
		{57A2A900-BC74-4651-A3EA-0E7B500E4F4C}.Debug|x86.ActiveCfg = Debug|Win32
		{57A2A900-BC74-4651-A3EA-0E7B500E4F4C}.Debug|x86.Build.0 = Debug|Win32
		{57A2A900-BC74-4651-A3EA-0E7B500E4F4C}.Release|x64.ActiveCfg = Release|x64
		{57A2A900-BC74-4651-A3EA-0E7B500E4F4C}.Release|x64.Build.0 = Release|x64
		{57A2A900-BC74-4651-A3EA-0E7B500E4F4C}.Release|x86.ActiveCfg = Release|Win32
		{57A2A900-BC74-4651-A3EA-0E7B500E4F4C}.Release|x86.Build.0 = Release|Win32
		{D95E3891-562B-44C4-91D7-04CEB18FEE0E}.Debug|x64.ActiveCfg = Debug|x64
		{D95E3891-562B-44C4-91D7-04CEB18FEE0E}.Debug|x64.Build.0 = Debug|x64
		{D95E3891-562B-44C4-91D7-04CEB18FEE0E}.Debug|x86.ActiveCfg = Debug|Win32
		{D95E3891-562B-44C4-91D7-04CEB18FEE0E}.Debug|x86.Build.0 = Debug|Win32
		{D95E3891-562B-44C4-91D7-04CEB18FEE0E}.Release|x64.ActiveCfg = Release|x64
		{D95E3891-562B-44C4-91D7-04CEB18FEE0E}.Release|x64.Build.0 = Release|x64
		{D95E3891-562B-44C4-91D7-04CEB18FEE0E}.Release|x86.ActiveCfg = Release|Win32
		{D95E3891-562B-44C4-91D7-04CEB18FEE0E}.Release|x86.Build.0 = Release|Win32
		{7509F355-FC05-46DE-97FF-0979471080F9}.Debug|x64.ActiveCfg = Debug|x64
		{7509F355-FC05-46DE-97FF-0979471080F9}.Debug|x64.Build.0 = Debug|x64
		{7509F355-FC05-46DE-97FF-0979471080F9}.Debug|x86.ActiveCfg = Debug|Win32
		{7509F355-FC05-46DE-97FF-0979471080F9}.Debug|x86.Build.0 = Debug|Win32
		{7509F355-FC05-46DE-97FF-0979471080F9}.Release|x64.ActiveCfg = Release|x64
		{7509F355-FC05-46DE-97FF-0979471080F9}.Release|x64.Build.0 = Release|x64
		{7509F355-FC05-46DE-97FF-0979471080F9}.Release|x86.ActiveCfg = Release|Win32
		{7509F355-FC05-46DE-97FF-0979471080F9}.Release|x86.Build.0 = Release|Win32
		{6DA031D2-F1EE-4E40-B6F1-CC2624FD2D88}.Debug|x64.ActiveCfg = Debug|x64
		{6DA031D2-F1EE-4E40-B6F1-CC2624FD2D88}.Debug|x64.Build.0 = Debug|x64
		{6DA031D2-F1EE-4E40-B6F1-CC2624FD2D88}.Debug|x86.ActiveCfg = Debug|Win32
		{6DA031D2-F1EE-4E40-B6F1-CC2624FD2D88}.Debug|x86.Build.0 = Debug|Win32
		{6DA031D2-F1EE-4E40-B6F1-CC2624FD2D88}.Release|x64.ActiveCfg = Release|x64
		{6DA031D2-F1EE-4E40-B6F1-CC2624FD2D88}.Release|x64.Build.0 = Release|x64
		{6DA031D2-F1EE-4E40-B6F1-CC2624FD2D88}.Release|x86.ActiveCfg = Release|Win32
		{6DA031D2-F1EE-4E40-B6F1-CC2624FD2D88}.Release|x86.Build.0 = Release|Win32
		{688B4C23-2BE1-4ED2-A565-7DA8F79C88A3}.Debug|x64.ActiveCfg = Debug|x64
		{688B4C23-2BE1-4ED2-A565-7DA8F79C88A3}.Debug|x64.Build.0 = Debug|x64
		{688B4C23-2BE1-4ED2-A565-7DA8F79C88A3}.Debug|x86.ActiveCfg = Debug|Win32
		{688B4C23-2BE1-4ED2-A565-7DA8F79C88A3}.Debug|x86.Build.0 = Debug|Win32
		{688B4C23-2BE1-4ED2-A565-7DA8F79C88A3}.Release|x64.ActiveCfg = Release|x64
		{688B4C23-2BE1-4ED2-A565-7DA8F79C88A3}.Release|x64.Build.0 = Release|x64
		{688B4C23-2BE1-4ED2-A565-7DA8F79C88A3}.Release|x86.ActiveCfg = Release|Win32
		{688B4C23-2BE1-4ED2-A565-7DA8F79C88A3}.Release|x86.Build.0 = Release|Win32
		{80A8238A-2F24-46DF-9E51-2CFF082DD9A1}.Debug|x64.ActiveCfg = Debug|x64
		{80A8238A-2F24-46DF-9E51-2CFF082DD9A1}.Debug|x64.Build.0 = Debug|x64
		{80A8238A-2F24-46DF-9E51-2CFF082DD9A1}.Debug|x86.ActiveCfg = Debug|Win32
		{80A8238A-2F24-46DF-9E51-2CFF082DD9A1}.Debug|x86.Build.0 = Debug|Win32
		{80A8238A-2F24-46DF-9E51-2CFF082DD9A1}.Release|x64.ActiveCfg = Release|x64
		{80A8238A-2F24-46DF-9E51-2CFF082DD9A1}.Release|x64.Build.0 = Release|x64
		{80A8238A-2F24-46DF-9E51-2CFF082DD9A1}.Release|x86.ActiveCfg = Release|Win32
		{80A8238A-2F24-46DF-9E51-2CFF082DD9A1}.Release|x86.Build.0 = Release|Win32
		{56CE8560-45EA-4447-9158-E93E5A0DFD88}.Debug|x64.ActiveCfg = Debug|x64
		{56CE8560-45EA-4447-9158-E93E5A0DFD88}.Debug|x64.Build.0 = Debug|x64
		{56CE8560-45EA-4447-9158-E93E5A0DFD88}.Debug|x86.ActiveCfg = Debug|Win32
		{56CE8560-45EA-4447-9158-E93E5A0DFD88}.Debug|x86.Build.0 = Debug|Win32
		{56CE8560-45EA-4447-9158-E93E5A0DFD88}.Release|x64.ActiveCfg = Release|x64
		{56CE8560-45EA-4447-9158-E93E5A0DFD88}.Release|x64.Build.0 = Release|x64
		{56CE8560-45EA-4447-9158-E93E5A0DFD88}.Release|x86.ActiveCfg = Release|Win32
		{56CE8560-45EA-4447-9158-E93E5A0DFD88}.Release|x86.Build.0 = Release|Win32
		{885D8FE9-8458-4E9A-B2AF-17C692839900}.Debug|x64.ActiveCfg = Debug|x64
		{885D8FE9-8458-4E9A-B2AF-17C692839900}.Debug|x64.Build.0 = Debug|x64
		{885D8FE9-8458-4E9A-B2AF-17C692839900}.Debug|x86.ActiveCfg = Debug|Win32
		{885D8FE9-8458-4E9A-B2AF-17C692839900}.Debug|x86.Build.0 = Debug|Win32
		{885D8FE9-8458-4E9A-B2AF-17C692839900}.Release|x64.ActiveCfg = Release|x64
		{885D8FE9-8458-4E9A-B2AF-17C692839900}.Release|x64.Build.0 = Release|x64
		{885D8FE9-8458-4E9A-B2AF-17C692839900}.Release|x86.ActiveCfg = Release|Win32
		{885D8FE9-8458-4E9A-B2AF-17C692839900}.Release|x86.Build.0 = Release|Win32
	EndGlobalSection
	GlobalSection(SolutionProperties) = preSolution
		HideSolutionNode = FALSE
	EndGlobalSection
	GlobalSection(ExtensibilityGlobals) = postSolution
		SolutionGuid = {02B1C0FB-6FF7-4539-A033-D0E2084D70D2}
	EndGlobalSection
EndGlobal
