
Microsoft Visual Studio Solution File, Format Version 12.00
# Visual Studio Version 17
VisualStudioVersion = 17.3.32811.315
MinimumVisualStudioVersion = 10.0.40219.1
Project("{8BC9CEB8-8B4A-11D0-8D11-00A0C91BC942}") = "3.2.1", "3.2.1\3.2.1.vcxproj", "{13297DBA-B9B9-48A1-8C86-E2B8C33539A2}"
EndProject
Project("{8BC9CEB8-8B4A-11D0-8D11-00A0C91BC942}") = "3.2.2", "3.2.2\3.2.2.vcxproj", "{8767FCEB-59ED-425F-97E1-B9349A87969B}"
EndProject
Project("{8BC9CEB8-8B4A-11D0-8D11-00A0C91BC942}") = "3.2.3", "3.2.3\3.2.3.vcxproj", "{9EE6E2DA-D11D-4F85-A8CA-F142FE3D7AD6}"
EndProject
Project("{8BC9CEB8-8B4A-11D0-8D11-00A0C91BC942}") = "3.2.4", "3.2.4\3.2.4.vcxproj", "{864FD3FB-3CF8-4649-88AE-A477ED1B7CD5}"
EndProject
Project("{8BC9CEB8-8B4A-11D0-8D11-00A0C91BC942}") = "3.2.5", "3.2.5\3.2.5.vcxproj", "{FDDC3DD9-B17F-4F13-B650-5FAD863460AF}"
EndProject
Global
	GlobalSection(SolutionConfigurationPlatforms) = preSolution
		Debug|x64 = Debug|x64
		Debug|x86 = Debug|x86
		Release|x64 = Release|x64
		Release|x86 = Release|x86
	EndGlobalSection
	GlobalSection(ProjectConfigurationPlatforms) = postSolution
		{13297DBA-B9B9-48A1-8C86-E2B8C33539A2}.Debug|x64.ActiveCfg = Debug|x64
		{13297DBA-B9B9-48A1-8C86-E2B8C33539A2}.Debug|x64.Build.0 = Debug|x64
		{13297DBA-B9B9-48A1-8C86-E2B8C33539A2}.Debug|x86.ActiveCfg = Debug|Win32
		{13297DBA-B9B9-48A1-8C86-E2B8C33539A2}.Debug|x86.Build.0 = Debug|Win32
		{13297DBA-B9B9-48A1-8C86-E2B8C33539A2}.Release|x64.ActiveCfg = Release|x64
		{13297DBA-B9B9-48A1-8C86-E2B8C33539A2}.Release|x64.Build.0 = Release|x64
		{13297DBA-B9B9-48A1-8C86-E2B8C33539A2}.Release|x86.ActiveCfg = Release|Win32
		{13297DBA-B9B9-48A1-8C86-E2B8C33539A2}.Release|x86.Build.0 = Release|Win32
		{8767FCEB-59ED-425F-97E1-B9349A87969B}.Debug|x64.ActiveCfg = Debug|x64
		{8767FCEB-59ED-425F-97E1-B9349A87969B}.Debug|x64.Build.0 = Debug|x64
		{8767FCEB-59ED-425F-97E1-B9349A87969B}.Debug|x86.ActiveCfg = Debug|Win32
		{8767FCEB-59ED-425F-97E1-B9349A87969B}.Debug|x86.Build.0 = Debug|Win32
		{8767FCEB-59ED-425F-97E1-B9349A87969B}.Release|x64.ActiveCfg = Release|x64
		{8767FCEB-59ED-425F-97E1-B9349A87969B}.Release|x64.Build.0 = Release|x64
		{8767FCEB-59ED-425F-97E1-B9349A87969B}.Release|x86.ActiveCfg = Release|Win32
		{8767FCEB-59ED-425F-97E1-B9349A87969B}.Release|x86.Build.0 = Release|Win32
		{9EE6E2DA-D11D-4F85-A8CA-F142FE3D7AD6}.Debug|x64.ActiveCfg = Debug|x64
		{9EE6E2DA-D11D-4F85-A8CA-F142FE3D7AD6}.Debug|x64.Build.0 = Debug|x64
		{9EE6E2DA-D11D-4F85-A8CA-F142FE3D7AD6}.Debug|x86.ActiveCfg = Debug|Win32
		{9EE6E2DA-D11D-4F85-A8CA-F142FE3D7AD6}.Debug|x86.Build.0 = Debug|Win32
		{9EE6E2DA-D11D-4F85-A8CA-F142FE3D7AD6}.Release|x64.ActiveCfg = Release|x64
		{9EE6E2DA-D11D-4F85-A8CA-F142FE3D7AD6}.Release|x64.Build.0 = Release|x64
		{9EE6E2DA-D11D-4F85-A8CA-F142FE3D7AD6}.Release|x86.ActiveCfg = Release|Win32
		{9EE6E2DA-D11D-4F85-A8CA-F142FE3D7AD6}.Release|x86.Build.0 = Release|Win32
		{864FD3FB-3CF8-4649-88AE-A477ED1B7CD5}.Debug|x64.ActiveCfg = Debug|x64
		{864FD3FB-3CF8-4649-88AE-A477ED1B7CD5}.Debug|x64.Build.0 = Debug|x64
		{864FD3FB-3CF8-4649-88AE-A477ED1B7CD5}.Debug|x86.ActiveCfg = Debug|Win32
		{864FD3FB-3CF8-4649-88AE-A477ED1B7CD5}.Debug|x86.Build.0 = Debug|Win32
		{864FD3FB-3CF8-4649-88AE-A477ED1B7CD5}.Release|x64.ActiveCfg = Release|x64
		{864FD3FB-3CF8-4649-88AE-A477ED1B7CD5}.Release|x64.Build.0 = Release|x64
		{864FD3FB-3CF8-4649-88AE-A477ED1B7CD5}.Release|x86.ActiveCfg = Release|Win32
		{864FD3FB-3CF8-4649-88AE-A477ED1B7CD5}.Release|x86.Build.0 = Release|Win32
		{FDDC3DD9-B17F-4F13-B650-5FAD863460AF}.Debug|x64.ActiveCfg = Debug|x64
		{FDDC3DD9-B17F-4F13-B650-5FAD863460AF}.Debug|x64.Build.0 = Debug|x64
		{FDDC3DD9-B17F-4F13-B650-5FAD863460AF}.Debug|x86.ActiveCfg = Debug|Win32
		{FDDC3DD9-B17F-4F13-B650-5FAD863460AF}.Debug|x86.Build.0 = Debug|Win32
		{FDDC3DD9-B17F-4F13-B650-5FAD863460AF}.Release|x64.ActiveCfg = Release|x64
		{FDDC3DD9-B17F-4F13-B650-5FAD863460AF}.Release|x64.Build.0 = Release|x64
		{FDDC3DD9-B17F-4F13-B650-5FAD863460AF}.Release|x86.ActiveCfg = Release|Win32
		{FDDC3DD9-B17F-4F13-B650-5FAD863460AF}.Release|x86.Build.0 = Release|Win32
	EndGlobalSection
	GlobalSection(SolutionProperties) = preSolution
		HideSolutionNode = FALSE
	EndGlobalSection
	GlobalSection(ExtensibilityGlobals) = postSolution
		SolutionGuid = {BB4106D6-83F1-434F-A597-0A8C3AD20C3C}
	EndGlobalSection
EndGlobal
