
Microsoft Visual Studio Solution File, Format Version 12.00
# Visual Studio Version 17
VisualStudioVersion = 17.3.32811.315
MinimumVisualStudioVersion = 10.0.40219.1
Project("{8BC9CEB8-8B4A-11D0-8D11-00A0C91BC942}") = "2.7.1", "2.7.1\2.7.1.vcxproj", "{32401B88-D3FF-4058-A1AD-F7E4F3BAE1CB}"
EndProject
Project("{8BC9CEB8-8B4A-11D0-8D11-00A0C91BC942}") = "2.7.2", "2.7.2\2.7.2.vcxproj", "{E8FE8E88-E9D6-48F4-BCDD-C880C8D8B677}"
EndProject
Project("{8BC9CEB8-8B4A-11D0-8D11-00A0C91BC942}") = "2.7.3", "2.7.3\2.7.3.vcxproj", "{6C0E530B-242B-44CF-AC29-771EBBFEA400}"
EndProject
Project("{8BC9CEB8-8B4A-11D0-8D11-00A0C91BC942}") = "2.7.4", "2.7.4\2.7.4.vcxproj", "{407E02D0-1B25-4449-BCB2-4561F29F83DE}"
EndProject
Project("{8BC9CEB8-8B4A-11D0-8D11-00A0C91BC942}") = "2.7.5", "2.7.5\2.7.5.vcxproj", "{BC8C926B-4BC2-41A2-B243-84D6964F257F}"
EndProject
Global
	GlobalSection(SolutionConfigurationPlatforms) = preSolution
		Debug|x64 = Debug|x64
		Debug|x86 = Debug|x86
		Release|x64 = Release|x64
		Release|x86 = Release|x86
	EndGlobalSection
	GlobalSection(ProjectConfigurationPlatforms) = postSolution
		{32401B88-D3FF-4058-A1AD-F7E4F3BAE1CB}.Debug|x64.ActiveCfg = Debug|x64
		{32401B88-D3FF-4058-A1AD-F7E4F3BAE1CB}.Debug|x64.Build.0 = Debug|x64
		{32401B88-D3FF-4058-A1AD-F7E4F3BAE1CB}.Debug|x86.ActiveCfg = Debug|Win32
		{32401B88-D3FF-4058-A1AD-F7E4F3BAE1CB}.Debug|x86.Build.0 = Debug|Win32
		{32401B88-D3FF-4058-A1AD-F7E4F3BAE1CB}.Release|x64.ActiveCfg = Release|x64
		{32401B88-D3FF-4058-A1AD-F7E4F3BAE1CB}.Release|x64.Build.0 = Release|x64
		{32401B88-D3FF-4058-A1AD-F7E4F3BAE1CB}.Release|x86.ActiveCfg = Release|Win32
		{32401B88-D3FF-4058-A1AD-F7E4F3BAE1CB}.Release|x86.Build.0 = Release|Win32
		{E8FE8E88-E9D6-48F4-BCDD-C880C8D8B677}.Debug|x64.ActiveCfg = Debug|x64
		{E8FE8E88-E9D6-48F4-BCDD-C880C8D8B677}.Debug|x64.Build.0 = Debug|x64
		{E8FE8E88-E9D6-48F4-BCDD-C880C8D8B677}.Debug|x86.ActiveCfg = Debug|Win32
		{E8FE8E88-E9D6-48F4-BCDD-C880C8D8B677}.Debug|x86.Build.0 = Debug|Win32
		{E8FE8E88-E9D6-48F4-BCDD-C880C8D8B677}.Release|x64.ActiveCfg = Release|x64
		{E8FE8E88-E9D6-48F4-BCDD-C880C8D8B677}.Release|x64.Build.0 = Release|x64
		{E8FE8E88-E9D6-48F4-BCDD-C880C8D8B677}.Release|x86.ActiveCfg = Release|Win32
		{E8FE8E88-E9D6-48F4-BCDD-C880C8D8B677}.Release|x86.Build.0 = Release|Win32
		{6C0E530B-242B-44CF-AC29-771EBBFEA400}.Debug|x64.ActiveCfg = Debug|x64
		{6C0E530B-242B-44CF-AC29-771EBBFEA400}.Debug|x64.Build.0 = Debug|x64
		{6C0E530B-242B-44CF-AC29-771EBBFEA400}.Debug|x86.ActiveCfg = Debug|Win32
		{6C0E530B-242B-44CF-AC29-771EBBFEA400}.Debug|x86.Build.0 = Debug|Win32
		{6C0E530B-242B-44CF-AC29-771EBBFEA400}.Release|x64.ActiveCfg = Release|x64
		{6C0E530B-242B-44CF-AC29-771EBBFEA400}.Release|x64.Build.0 = Release|x64
		{6C0E530B-242B-44CF-AC29-771EBBFEA400}.Release|x86.ActiveCfg = Release|Win32
		{6C0E530B-242B-44CF-AC29-771EBBFEA400}.Release|x86.Build.0 = Release|Win32
		{407E02D0-1B25-4449-BCB2-4561F29F83DE}.Debug|x64.ActiveCfg = Debug|x64
		{407E02D0-1B25-4449-BCB2-4561F29F83DE}.Debug|x64.Build.0 = Debug|x64
		{407E02D0-1B25-4449-BCB2-4561F29F83DE}.Debug|x86.ActiveCfg = Debug|Win32
		{407E02D0-1B25-4449-BCB2-4561F29F83DE}.Debug|x86.Build.0 = Debug|Win32
		{407E02D0-1B25-4449-BCB2-4561F29F83DE}.Release|x64.ActiveCfg = Release|x64
		{407E02D0-1B25-4449-BCB2-4561F29F83DE}.Release|x64.Build.0 = Release|x64
		{407E02D0-1B25-4449-BCB2-4561F29F83DE}.Release|x86.ActiveCfg = Release|Win32
		{407E02D0-1B25-4449-BCB2-4561F29F83DE}.Release|x86.Build.0 = Release|Win32
		{BC8C926B-4BC2-41A2-B243-84D6964F257F}.Debug|x64.ActiveCfg = Debug|x64
		{BC8C926B-4BC2-41A2-B243-84D6964F257F}.Debug|x64.Build.0 = Debug|x64
		{BC8C926B-4BC2-41A2-B243-84D6964F257F}.Debug|x86.ActiveCfg = Debug|Win32
		{BC8C926B-4BC2-41A2-B243-84D6964F257F}.Debug|x86.Build.0 = Debug|Win32
		{BC8C926B-4BC2-41A2-B243-84D6964F257F}.Release|x64.ActiveCfg = Release|x64
		{BC8C926B-4BC2-41A2-B243-84D6964F257F}.Release|x64.Build.0 = Release|x64
		{BC8C926B-4BC2-41A2-B243-84D6964F257F}.Release|x86.ActiveCfg = Release|Win32
		{BC8C926B-4BC2-41A2-B243-84D6964F257F}.Release|x86.Build.0 = Release|Win32
	EndGlobalSection
	GlobalSection(SolutionProperties) = preSolution
		HideSolutionNode = FALSE
	EndGlobalSection
	GlobalSection(ExtensibilityGlobals) = postSolution
		SolutionGuid = {B738DA4C-2DF0-4F0F-9931-63B051D117F4}
	EndGlobalSection
EndGlobal
