
Microsoft Visual Studio Solution File, Format Version 12.00
# Visual Studio Version 17
VisualStudioVersion = 17.3.32811.315
MinimumVisualStudioVersion = 10.0.40219.1
Project("{8BC9CEB8-8B4A-11D0-8D11-00A0C91BC942}") = "2.1.1", "2.1.1\2.1.1.vcxproj", "{4C8D2EC8-E274-4D9B-BC25-C16C92AA66FF}"
EndProject
Project("{8BC9CEB8-8B4A-11D0-8D11-00A0C91BC942}") = "2.1.2", "2.1.2\2.1.2.vcxproj", "{38229333-9785-4DDE-88EB-E5674A6945AB}"
EndProject
Project("{8BC9CEB8-8B4A-11D0-8D11-00A0C91BC942}") = "2.1.3", "2.1.3\2.1.3.vcxproj", "{92F6B796-3784-43B6-AAC7-60A03163B9F9}"
EndProject
Project("{8BC9CEB8-8B4A-11D0-8D11-00A0C91BC942}") = "2.1.4", "2.1.4\2.1.4.vcxproj", "{33B3FA47-20D0-4B99-87D0-0395A9BD4A9C}"
EndProject
Global
	GlobalSection(SolutionConfigurationPlatforms) = preSolution
		Debug|x64 = Debug|x64
		Debug|x86 = Debug|x86
		Release|x64 = Release|x64
		Release|x86 = Release|x86
	EndGlobalSection
	GlobalSection(ProjectConfigurationPlatforms) = postSolution
		{4C8D2EC8-E274-4D9B-BC25-C16C92AA66FF}.Debug|x64.ActiveCfg = Debug|x64
		{4C8D2EC8-E274-4D9B-BC25-C16C92AA66FF}.Debug|x64.Build.0 = Debug|x64
		{4C8D2EC8-E274-4D9B-BC25-C16C92AA66FF}.Debug|x86.ActiveCfg = Debug|Win32
		{4C8D2EC8-E274-4D9B-BC25-C16C92AA66FF}.Debug|x86.Build.0 = Debug|Win32
		{4C8D2EC8-E274-4D9B-BC25-C16C92AA66FF}.Release|x64.ActiveCfg = Release|x64
		{4C8D2EC8-E274-4D9B-BC25-C16C92AA66FF}.Release|x64.Build.0 = Release|x64
		{4C8D2EC8-E274-4D9B-BC25-C16C92AA66FF}.Release|x86.ActiveCfg = Release|Win32
		{4C8D2EC8-E274-4D9B-BC25-C16C92AA66FF}.Release|x86.Build.0 = Release|Win32
		{38229333-9785-4DDE-88EB-E5674A6945AB}.Debug|x64.ActiveCfg = Debug|x64
		{38229333-9785-4DDE-88EB-E5674A6945AB}.Debug|x64.Build.0 = Debug|x64
		{38229333-9785-4DDE-88EB-E5674A6945AB}.Debug|x86.ActiveCfg = Debug|Win32
		{38229333-9785-4DDE-88EB-E5674A6945AB}.Debug|x86.Build.0 = Debug|Win32
		{38229333-9785-4DDE-88EB-E5674A6945AB}.Release|x64.ActiveCfg = Release|x64
		{38229333-9785-4DDE-88EB-E5674A6945AB}.Release|x64.Build.0 = Release|x64
		{38229333-9785-4DDE-88EB-E5674A6945AB}.Release|x86.ActiveCfg = Release|Win32
		{38229333-9785-4DDE-88EB-E5674A6945AB}.Release|x86.Build.0 = Release|Win32
		{92F6B796-3784-43B6-AAC7-60A03163B9F9}.Debug|x64.ActiveCfg = Debug|x64
		{92F6B796-3784-43B6-AAC7-60A03163B9F9}.Debug|x64.Build.0 = Debug|x64
		{92F6B796-3784-43B6-AAC7-60A03163B9F9}.Debug|x86.ActiveCfg = Debug|Win32
		{92F6B796-3784-43B6-AAC7-60A03163B9F9}.Debug|x86.Build.0 = Debug|Win32
		{92F6B796-3784-43B6-AAC7-60A03163B9F9}.Release|x64.ActiveCfg = Release|x64
		{92F6B796-3784-43B6-AAC7-60A03163B9F9}.Release|x64.Build.0 = Release|x64
		{92F6B796-3784-43B6-AAC7-60A03163B9F9}.Release|x86.ActiveCfg = Release|Win32
		{92F6B796-3784-43B6-AAC7-60A03163B9F9}.Release|x86.Build.0 = Release|Win32
		{33B3FA47-20D0-4B99-87D0-0395A9BD4A9C}.Debug|x64.ActiveCfg = Debug|x64
		{33B3FA47-20D0-4B99-87D0-0395A9BD4A9C}.Debug|x64.Build.0 = Debug|x64
		{33B3FA47-20D0-4B99-87D0-0395A9BD4A9C}.Debug|x86.ActiveCfg = Debug|Win32
		{33B3FA47-20D0-4B99-87D0-0395A9BD4A9C}.Debug|x86.Build.0 = Debug|Win32
		{33B3FA47-20D0-4B99-87D0-0395A9BD4A9C}.Release|x64.ActiveCfg = Release|x64
		{33B3FA47-20D0-4B99-87D0-0395A9BD4A9C}.Release|x64.Build.0 = Release|x64
		{33B3FA47-20D0-4B99-87D0-0395A9BD4A9C}.Release|x86.ActiveCfg = Release|Win32
		{33B3FA47-20D0-4B99-87D0-0395A9BD4A9C}.Release|x86.Build.0 = Release|Win32
	EndGlobalSection
	GlobalSection(SolutionProperties) = preSolution
		HideSolutionNode = FALSE
	EndGlobalSection
	GlobalSection(ExtensibilityGlobals) = postSolution
		SolutionGuid = {DB2CF11C-002F-4D4F-8849-25096AAE6BD2}
	EndGlobalSection
EndGlobal
