
Microsoft Visual Studio Solution File, Format Version 12.00
# Visual Studio Version 17
VisualStudioVersion = 17.3.32811.315
MinimumVisualStudioVersion = 10.0.40219.1
Project("{8BC9CEB8-8B4A-11D0-8D11-00A0C91BC942}") = "4.1.1", "4.1.1\4.1.1.vcxproj", "{90675229-84CC-4164-A567-532D57851EED}"
EndProject
Project("{8BC9CEB8-8B4A-11D0-8D11-00A0C91BC942}") = "4.1.2", "4.1.2\4.1.2.vcxproj", "{FAAAF944-6365-43A1-AC32-FBA8F416E55D}"
EndProject
Project("{8BC9CEB8-8B4A-11D0-8D11-00A0C91BC942}") = "4.1.3", "4.1.3\4.1.3.vcxproj", "{D74067B9-5AC7-4A4C-9D38-CC55131F0E5B}"
EndProject
Project("{8BC9CEB8-8B4A-11D0-8D11-00A0C91BC942}") = "4.1.4", "4.1.4\4.1.4.vcxproj", "{6253D4E6-71DB-46DD-B5DF-A2BFDE24CDE3}"
EndProject
Project("{8BC9CEB8-8B4A-11D0-8D11-00A0C91BC942}") = "4.1.5", "4.1.5\4.1.5.vcxproj", "{EA00DB9F-2F86-4BCD-8E11-5F12051ADF0C}"
EndProject
Global
	GlobalSection(SolutionConfigurationPlatforms) = preSolution
		Debug|x64 = Debug|x64
		Debug|x86 = Debug|x86
		Release|x64 = Release|x64
		Release|x86 = Release|x86
	EndGlobalSection
	GlobalSection(ProjectConfigurationPlatforms) = postSolution
		{90675229-84CC-4164-A567-532D57851EED}.Debug|x64.ActiveCfg = Debug|x64
		{90675229-84CC-4164-A567-532D57851EED}.Debug|x64.Build.0 = Debug|x64
		{90675229-84CC-4164-A567-532D57851EED}.Debug|x86.ActiveCfg = Debug|Win32
		{90675229-84CC-4164-A567-532D57851EED}.Debug|x86.Build.0 = Debug|Win32
		{90675229-84CC-4164-A567-532D57851EED}.Release|x64.ActiveCfg = Release|x64
		{90675229-84CC-4164-A567-532D57851EED}.Release|x64.Build.0 = Release|x64
		{90675229-84CC-4164-A567-532D57851EED}.Release|x86.ActiveCfg = Release|Win32
		{90675229-84CC-4164-A567-532D57851EED}.Release|x86.Build.0 = Release|Win32
		{FAAAF944-6365-43A1-AC32-FBA8F416E55D}.Debug|x64.ActiveCfg = Debug|x64
		{FAAAF944-6365-43A1-AC32-FBA8F416E55D}.Debug|x64.Build.0 = Debug|x64
		{FAAAF944-6365-43A1-AC32-FBA8F416E55D}.Debug|x86.ActiveCfg = Debug|Win32
		{FAAAF944-6365-43A1-AC32-FBA8F416E55D}.Debug|x86.Build.0 = Debug|Win32
		{FAAAF944-6365-43A1-AC32-FBA8F416E55D}.Release|x64.ActiveCfg = Release|x64
		{FAAAF944-6365-43A1-AC32-FBA8F416E55D}.Release|x64.Build.0 = Release|x64
		{FAAAF944-6365-43A1-AC32-FBA8F416E55D}.Release|x86.ActiveCfg = Release|Win32
		{FAAAF944-6365-43A1-AC32-FBA8F416E55D}.Release|x86.Build.0 = Release|Win32
		{D74067B9-5AC7-4A4C-9D38-CC55131F0E5B}.Debug|x64.ActiveCfg = Debug|x64
		{D74067B9-5AC7-4A4C-9D38-CC55131F0E5B}.Debug|x64.Build.0 = Debug|x64
		{D74067B9-5AC7-4A4C-9D38-CC55131F0E5B}.Debug|x86.ActiveCfg = Debug|Win32
		{D74067B9-5AC7-4A4C-9D38-CC55131F0E5B}.Debug|x86.Build.0 = Debug|Win32
		{D74067B9-5AC7-4A4C-9D38-CC55131F0E5B}.Release|x64.ActiveCfg = Release|x64
		{D74067B9-5AC7-4A4C-9D38-CC55131F0E5B}.Release|x64.Build.0 = Release|x64
		{D74067B9-5AC7-4A4C-9D38-CC55131F0E5B}.Release|x86.ActiveCfg = Release|Win32
		{D74067B9-5AC7-4A4C-9D38-CC55131F0E5B}.Release|x86.Build.0 = Release|Win32
		{6253D4E6-71DB-46DD-B5DF-A2BFDE24CDE3}.Debug|x64.ActiveCfg = Debug|x64
		{6253D4E6-71DB-46DD-B5DF-A2BFDE24CDE3}.Debug|x64.Build.0 = Debug|x64
		{6253D4E6-71DB-46DD-B5DF-A2BFDE24CDE3}.Debug|x86.ActiveCfg = Debug|Win32
		{6253D4E6-71DB-46DD-B5DF-A2BFDE24CDE3}.Debug|x86.Build.0 = Debug|Win32
		{6253D4E6-71DB-46DD-B5DF-A2BFDE24CDE3}.Release|x64.ActiveCfg = Release|x64
		{6253D4E6-71DB-46DD-B5DF-A2BFDE24CDE3}.Release|x64.Build.0 = Release|x64
		{6253D4E6-71DB-46DD-B5DF-A2BFDE24CDE3}.Release|x86.ActiveCfg = Release|Win32
		{6253D4E6-71DB-46DD-B5DF-A2BFDE24CDE3}.Release|x86.Build.0 = Release|Win32
		{EA00DB9F-2F86-4BCD-8E11-5F12051ADF0C}.Debug|x64.ActiveCfg = Debug|x64
		{EA00DB9F-2F86-4BCD-8E11-5F12051ADF0C}.Debug|x64.Build.0 = Debug|x64
		{EA00DB9F-2F86-4BCD-8E11-5F12051ADF0C}.Debug|x86.ActiveCfg = Debug|Win32
		{EA00DB9F-2F86-4BCD-8E11-5F12051ADF0C}.Debug|x86.Build.0 = Debug|Win32
		{EA00DB9F-2F86-4BCD-8E11-5F12051ADF0C}.Release|x64.ActiveCfg = Release|x64
		{EA00DB9F-2F86-4BCD-8E11-5F12051ADF0C}.Release|x64.Build.0 = Release|x64
		{EA00DB9F-2F86-4BCD-8E11-5F12051ADF0C}.Release|x86.ActiveCfg = Release|Win32
		{EA00DB9F-2F86-4BCD-8E11-5F12051ADF0C}.Release|x86.Build.0 = Release|Win32
	EndGlobalSection
	GlobalSection(SolutionProperties) = preSolution
		HideSolutionNode = FALSE
	EndGlobalSection
	GlobalSection(ExtensibilityGlobals) = postSolution
		SolutionGuid = {E99D9724-5449-499B-8577-C044B7911F72}
	EndGlobalSection
EndGlobal
