
Microsoft Visual Studio Solution File, Format Version 12.00
# Visual Studio Version 17
VisualStudioVersion = 17.5.33516.290
MinimumVisualStudioVersion = 10.0.40219.1
Project("{8BC9CEB8-8B4A-11D0-8D11-00A0C91BC942}") = "5.2.1", "5.2.1\5.2.1.vcxproj", "{4F04726B-8EAC-4902-9782-7A29FF9EF4D5}"
EndProject
Project("{8BC9CEB8-8B4A-11D0-8D11-00A0C91BC942}") = "5.2.2", "5.2.2\5.2.2.vcxproj", "{D6814078-7A61-46A2-9A6D-330B6EDD5983}"
EndProject
Project("{8BC9CEB8-8B4A-11D0-8D11-00A0C91BC942}") = "5.2.3", "5.2.3\5.2.3.vcxproj", "{D4A1C7FE-9A92-49F4-8B7D-4AE13E11B16C}"
EndProject
Project("{8BC9CEB8-8B4A-11D0-8D11-00A0C91BC942}") = "5.2.4", "5.2.4\5.2.4.vcxproj", "{50589F35-401C-4D4E-A83F-F11AE1B12A1D}"
EndProject
Project("{8BC9CEB8-8B4A-11D0-8D11-00A0C91BC942}") = "5.2.5", "5.2.5\5.2.5.vcxproj", "{CD5BF1ED-FBF4-4D5E-BBE0-DB4F43B242CD}"
EndProject
Project("{8BC9CEB8-8B4A-11D0-8D11-00A0C91BC942}") = "5.2.6", "5.2.6\5.2.6.vcxproj", "{B8B56BF6-11ED-4EFA-96F9-79D87210EB97}"
EndProject
Project("{8BC9CEB8-8B4A-11D0-8D11-00A0C91BC942}") = "5.2.7", "5.2.7\5.2.7.vcxproj", "{54A98316-CDD4-4CF1-AD4B-D7CE06734D44}"
EndProject
Project("{8BC9CEB8-8B4A-11D0-8D11-00A0C91BC942}") = "5.2.8", "5.2.8\5.2.8.vcxproj", "{95407195-DAE0-4F21-8DBE-F93D9E54F93C}"
EndProject
Global
	GlobalSection(SolutionConfigurationPlatforms) = preSolution
		Debug|x64 = Debug|x64
		Debug|x86 = Debug|x86
		Release|x64 = Release|x64
		Release|x86 = Release|x86
	EndGlobalSection
	GlobalSection(ProjectConfigurationPlatforms) = postSolution
		{4F04726B-8EAC-4902-9782-7A29FF9EF4D5}.Debug|x64.ActiveCfg = Debug|x64
		{4F04726B-8EAC-4902-9782-7A29FF9EF4D5}.Debug|x64.Build.0 = Debug|x64
		{4F04726B-8EAC-4902-9782-7A29FF9EF4D5}.Debug|x86.ActiveCfg = Debug|Win32
		{4F04726B-8EAC-4902-9782-7A29FF9EF4D5}.Debug|x86.Build.0 = Debug|Win32
		{4F04726B-8EAC-4902-9782-7A29FF9EF4D5}.Release|x64.ActiveCfg = Release|x64
		{4F04726B-8EAC-4902-9782-7A29FF9EF4D5}.Release|x64.Build.0 = Release|x64
		{4F04726B-8EAC-4902-9782-7A29FF9EF4D5}.Release|x86.ActiveCfg = Release|Win32
		{4F04726B-8EAC-4902-9782-7A29FF9EF4D5}.Release|x86.Build.0 = Release|Win32
		{D6814078-7A61-46A2-9A6D-330B6EDD5983}.Debug|x64.ActiveCfg = Debug|x64
		{D6814078-7A61-46A2-9A6D-330B6EDD5983}.Debug|x64.Build.0 = Debug|x64
		{D6814078-7A61-46A2-9A6D-330B6EDD5983}.Debug|x86.ActiveCfg = Debug|Win32
		{D6814078-7A61-46A2-9A6D-330B6EDD5983}.Debug|x86.Build.0 = Debug|Win32
		{D6814078-7A61-46A2-9A6D-330B6EDD5983}.Release|x64.ActiveCfg = Release|x64
		{D6814078-7A61-46A2-9A6D-330B6EDD5983}.Release|x64.Build.0 = Release|x64
		{D6814078-7A61-46A2-9A6D-330B6EDD5983}.Release|x86.ActiveCfg = Release|Win32
		{D6814078-7A61-46A2-9A6D-330B6EDD5983}.Release|x86.Build.0 = Release|Win32
		{D4A1C7FE-9A92-49F4-8B7D-4AE13E11B16C}.Debug|x64.ActiveCfg = Debug|x64
		{D4A1C7FE-9A92-49F4-8B7D-4AE13E11B16C}.Debug|x64.Build.0 = Debug|x64
		{D4A1C7FE-9A92-49F4-8B7D-4AE13E11B16C}.Debug|x86.ActiveCfg = Debug|Win32
		{D4A1C7FE-9A92-49F4-8B7D-4AE13E11B16C}.Debug|x86.Build.0 = Debug|Win32
		{D4A1C7FE-9A92-49F4-8B7D-4AE13E11B16C}.Release|x64.ActiveCfg = Release|x64
		{D4A1C7FE-9A92-49F4-8B7D-4AE13E11B16C}.Release|x64.Build.0 = Release|x64
		{D4A1C7FE-9A92-49F4-8B7D-4AE13E11B16C}.Release|x86.ActiveCfg = Release|Win32
		{D4A1C7FE-9A92-49F4-8B7D-4AE13E11B16C}.Release|x86.Build.0 = Release|Win32
		{50589F35-401C-4D4E-A83F-F11AE1B12A1D}.Debug|x64.ActiveCfg = Debug|x64
		{50589F35-401C-4D4E-A83F-F11AE1B12A1D}.Debug|x64.Build.0 = Debug|x64
		{50589F35-401C-4D4E-A83F-F11AE1B12A1D}.Debug|x86.ActiveCfg = Debug|Win32
		{50589F35-401C-4D4E-A83F-F11AE1B12A1D}.Debug|x86.Build.0 = Debug|Win32
		{50589F35-401C-4D4E-A83F-F11AE1B12A1D}.Release|x64.ActiveCfg = Release|x64
		{50589F35-401C-4D4E-A83F-F11AE1B12A1D}.Release|x64.Build.0 = Release|x64
		{50589F35-401C-4D4E-A83F-F11AE1B12A1D}.Release|x86.ActiveCfg = Release|Win32
		{50589F35-401C-4D4E-A83F-F11AE1B12A1D}.Release|x86.Build.0 = Release|Win32
		{CD5BF1ED-FBF4-4D5E-BBE0-DB4F43B242CD}.Debug|x64.ActiveCfg = Debug|x64
		{CD5BF1ED-FBF4-4D5E-BBE0-DB4F43B242CD}.Debug|x64.Build.0 = Debug|x64
		{CD5BF1ED-FBF4-4D5E-BBE0-DB4F43B242CD}.Debug|x86.ActiveCfg = Debug|Win32
		{CD5BF1ED-FBF4-4D5E-BBE0-DB4F43B242CD}.Debug|x86.Build.0 = Debug|Win32
		{CD5BF1ED-FBF4-4D5E-BBE0-DB4F43B242CD}.Release|x64.ActiveCfg = Release|x64
		{CD5BF1ED-FBF4-4D5E-BBE0-DB4F43B242CD}.Release|x64.Build.0 = Release|x64
		{CD5BF1ED-FBF4-4D5E-BBE0-DB4F43B242CD}.Release|x86.ActiveCfg = Release|Win32
		{CD5BF1ED-FBF4-4D5E-BBE0-DB4F43B242CD}.Release|x86.Build.0 = Release|Win32
		{B8B56BF6-11ED-4EFA-96F9-79D87210EB97}.Debug|x64.ActiveCfg = Debug|x64
		{B8B56BF6-11ED-4EFA-96F9-79D87210EB97}.Debug|x64.Build.0 = Debug|x64
		{B8B56BF6-11ED-4EFA-96F9-79D87210EB97}.Debug|x86.ActiveCfg = Debug|Win32
		{B8B56BF6-11ED-4EFA-96F9-79D87210EB97}.Debug|x86.Build.0 = Debug|Win32
		{B8B56BF6-11ED-4EFA-96F9-79D87210EB97}.Release|x64.ActiveCfg = Release|x64
		{B8B56BF6-11ED-4EFA-96F9-79D87210EB97}.Release|x64.Build.0 = Release|x64
		{B8B56BF6-11ED-4EFA-96F9-79D87210EB97}.Release|x86.ActiveCfg = Release|Win32
		{B8B56BF6-11ED-4EFA-96F9-79D87210EB97}.Release|x86.Build.0 = Release|Win32
		{54A98316-CDD4-4CF1-AD4B-D7CE06734D44}.Debug|x64.ActiveCfg = Debug|x64
		{54A98316-CDD4-4CF1-AD4B-D7CE06734D44}.Debug|x64.Build.0 = Debug|x64
		{54A98316-CDD4-4CF1-AD4B-D7CE06734D44}.Debug|x86.ActiveCfg = Debug|Win32
		{54A98316-CDD4-4CF1-AD4B-D7CE06734D44}.Debug|x86.Build.0 = Debug|Win32
		{54A98316-CDD4-4CF1-AD4B-D7CE06734D44}.Release|x64.ActiveCfg = Release|x64
		{54A98316-CDD4-4CF1-AD4B-D7CE06734D44}.Release|x64.Build.0 = Release|x64
		{54A98316-CDD4-4CF1-AD4B-D7CE06734D44}.Release|x86.ActiveCfg = Release|Win32
		{54A98316-CDD4-4CF1-AD4B-D7CE06734D44}.Release|x86.Build.0 = Release|Win32
		{95407195-DAE0-4F21-8DBE-F93D9E54F93C}.Debug|x64.ActiveCfg = Debug|x64
		{95407195-DAE0-4F21-8DBE-F93D9E54F93C}.Debug|x64.Build.0 = Debug|x64
		{95407195-DAE0-4F21-8DBE-F93D9E54F93C}.Debug|x86.ActiveCfg = Debug|Win32
		{95407195-DAE0-4F21-8DBE-F93D9E54F93C}.Debug|x86.Build.0 = Debug|Win32
		{95407195-DAE0-4F21-8DBE-F93D9E54F93C}.Release|x64.ActiveCfg = Release|x64
		{95407195-DAE0-4F21-8DBE-F93D9E54F93C}.Release|x64.Build.0 = Release|x64
		{95407195-DAE0-4F21-8DBE-F93D9E54F93C}.Release|x86.ActiveCfg = Release|Win32
		{95407195-DAE0-4F21-8DBE-F93D9E54F93C}.Release|x86.Build.0 = Release|Win32
	EndGlobalSection
	GlobalSection(SolutionProperties) = preSolution
		HideSolutionNode = FALSE
	EndGlobalSection
	GlobalSection(ExtensibilityGlobals) = postSolution
		SolutionGuid = {805340D0-8F83-4D3D-A174-4C6E24D08008}
	EndGlobalSection
EndGlobal
